
Microsoft Visual Studio Solution File, Format Version 12.00
# Visual Studio Version 17
VisualStudioVersion = 17.6.33829.357
MinimumVisualStudioVersion = 10.0.40219.1
Project("{2150E333-8FDC-42A3-9474-1A3956D46DE8}") = "Atlanta", "Atlanta", "{EBBBC3A5-478C-4F61-BA6F-D497FA93720C}"
EndProject
Project("{2150E333-8FDC-42A3-9474-1A3956D46DE8}") = "Infrastructure", "Infrastructure", "{A967F633-385A-4AEF-B628-6E075004C126}"
EndProject
Project("{FAE04EC0-301F-11D3-BF4B-00C04F79EFBC}") = "RznMicro.Atlanta.API", "src\A.API\RznMicro.Atlanta.API.csproj", "{36CF1734-7D8A-4586-B4EE-6A49C369F2E1}"
EndProject
Project("{2150E333-8FDC-42A3-9474-1A3956D46DE8}") = "Web", "Web", "{6E7F0D64-7916-4320-B9D6-81B4FB2526A9}"
EndProject
Project("{2150E333-8FDC-42A3-9474-1A3956D46DE8}") = "Database", "Database", "{95BF27E7-1BAE-4494-820F-109E0CFC100A}"
EndProject
Project("{2150E333-8FDC-42A3-9474-1A3956D46DE8}") = "Application", "Application", "{18A3ED6C-1EF6-4EE5-BEE6-58465B14D6AF}"
EndProject
Project("{2150E333-8FDC-42A3-9474-1A3956D46DE8}") = "Domain", "Domain", "{645E56A2-7CED-443E-B978-F3A33089626D}"
EndProject
Project("{FAE04EC0-301F-11D3-BF4B-00C04F79EFBC}") = "RznMicro.Atlanta.Command", "src\RznMicro.Command\RznMicro.Atlanta.Command.csproj", "{A1211260-4070-4279-A5FF-6D9AE3FD462A}"
EndProject
Project("{FAE04EC0-301F-11D3-BF4B-00C04F79EFBC}") = "RznMicro.Atlanta", "src\RznMicro.Atlanta\RznMicro.Atlanta.csproj", "{B8512153-D72D-4106-A072-25847C3399C3}"
EndProject
Project("{FAE04EC0-301F-11D3-BF4B-00C04F79EFBC}") = "RznMicro.Atlanta.Enumerable", "src\RznMicro.Atlanta.Enumerable\RznMicro.Atlanta.Enumerable.csproj", "{E88A0423-E2E7-4E26-BEE5-B8596A6D4F10}"
EndProject
Project("{FAE04EC0-301F-11D3-BF4B-00C04F79EFBC}") = "RznMicro.Atlanta.Query", "src\RznMicro.Atlanta.Query\RznMicro.Atlanta.Query.csproj", "{215396CA-6DA1-42DC-ACD8-05A05C8365F1}"
EndProject
Project("{FAE04EC0-301F-11D3-BF4B-00C04F79EFBC}") = "RznMicro.Atlanta.Contract", "src\RznMicro.Atlanta.Contract\RznMicro.Atlanta.Contract.csproj", "{0BBB04D0-A103-4AAD-8EB9-1FF94C48283A}"
EndProject
Project("{2150E333-8FDC-42A3-9474-1A3956D46DE8}") = "Integration", "Integration", "{6311355C-978C-40BC-A368-8A46FA15B5A3}"
EndProject
Project("{2150E333-8FDC-42A3-9474-1A3956D46DE8}") = "Tests", "Tests", "{FE26FC3C-5E52-4CE8-ADFF-0A22B27AE8D9}"
EndProject
Project("{FAE04EC0-301F-11D3-BF4B-00C04F79EFBC}") = "RznMicro.Atlanta.UnitTests", "src\RznMicro.Atlanta.UnitTests\RznMicro.Atlanta.UnitTests.csproj", "{995A3AB3-EA14-4C3E-A865-417ACD604068}"
EndProject
Project("{FAE04EC0-301F-11D3-BF4B-00C04F79EFBC}") = "RznMicro.Atlanta.Core", "src\RznMicro.Atlanta.Core\RznMicro.Atlanta.Core.csproj", "{4A8181B5-695F-4C4E-B01F-581C8E062212}"
EndProject
Global
	GlobalSection(SolutionConfigurationPlatforms) = preSolution
		Debug|Any CPU = Debug|Any CPU
		Release|Any CPU = Release|Any CPU
	EndGlobalSection
	GlobalSection(ProjectConfigurationPlatforms) = postSolution
		{36CF1734-7D8A-4586-B4EE-6A49C369F2E1}.Debug|Any CPU.ActiveCfg = Debug|Any CPU
		{36CF1734-7D8A-4586-B4EE-6A49C369F2E1}.Debug|Any CPU.Build.0 = Debug|Any CPU
		{36CF1734-7D8A-4586-B4EE-6A49C369F2E1}.Release|Any CPU.ActiveCfg = Release|Any CPU
		{36CF1734-7D8A-4586-B4EE-6A49C369F2E1}.Release|Any CPU.Build.0 = Release|Any CPU
		{A1211260-4070-4279-A5FF-6D9AE3FD462A}.Debug|Any CPU.ActiveCfg = Debug|Any CPU
		{A1211260-4070-4279-A5FF-6D9AE3FD462A}.Debug|Any CPU.Build.0 = Debug|Any CPU
		{A1211260-4070-4279-A5FF-6D9AE3FD462A}.Release|Any CPU.ActiveCfg = Release|Any CPU
		{A1211260-4070-4279-A5FF-6D9AE3FD462A}.Release|Any CPU.Build.0 = Release|Any CPU
		{B8512153-D72D-4106-A072-25847C3399C3}.Debug|Any CPU.ActiveCfg = Debug|Any CPU
		{B8512153-D72D-4106-A072-25847C3399C3}.Debug|Any CPU.Build.0 = Debug|Any CPU
		{B8512153-D72D-4106-A072-25847C3399C3}.Release|Any CPU.ActiveCfg = Release|Any CPU
		{B8512153-D72D-4106-A072-25847C3399C3}.Release|Any CPU.Build.0 = Release|Any CPU
		{E88A0423-E2E7-4E26-BEE5-B8596A6D4F10}.Debug|Any CPU.ActiveCfg = Debug|Any CPU
		{E88A0423-E2E7-4E26-BEE5-B8596A6D4F10}.Debug|Any CPU.Build.0 = Debug|Any CPU
		{E88A0423-E2E7-4E26-BEE5-B8596A6D4F10}.Release|Any CPU.ActiveCfg = Release|Any CPU
		{E88A0423-E2E7-4E26-BEE5-B8596A6D4F10}.Release|Any CPU.Build.0 = Release|Any CPU
		{215396CA-6DA1-42DC-ACD8-05A05C8365F1}.Debug|Any CPU.ActiveCfg = Debug|Any CPU
		{215396CA-6DA1-42DC-ACD8-05A05C8365F1}.Debug|Any CPU.Build.0 = Debug|Any CPU
		{215396CA-6DA1-42DC-ACD8-05A05C8365F1}.Release|Any CPU.ActiveCfg = Release|Any CPU
		{215396CA-6DA1-42DC-ACD8-05A05C8365F1}.Release|Any CPU.Build.0 = Release|Any CPU
		{0BBB04D0-A103-4AAD-8EB9-1FF94C48283A}.Debug|Any CPU.ActiveCfg = Debug|Any CPU
		{0BBB04D0-A103-4AAD-8EB9-1FF94C48283A}.Debug|Any CPU.Build.0 = Debug|Any CPU
		{0BBB04D0-A103-4AAD-8EB9-1FF94C48283A}.Release|Any CPU.ActiveCfg = Release|Any CPU
		{0BBB04D0-A103-4AAD-8EB9-1FF94C48283A}.Release|Any CPU.Build.0 = Release|Any CPU
		{995A3AB3-EA14-4C3E-A865-417ACD604068}.Debug|Any CPU.ActiveCfg = Debug|Any CPU
		{995A3AB3-EA14-4C3E-A865-417ACD604068}.Debug|Any CPU.Build.0 = Debug|Any CPU
		{995A3AB3-EA14-4C3E-A865-417ACD604068}.Release|Any CPU.ActiveCfg = Release|Any CPU
		{995A3AB3-EA14-4C3E-A865-417ACD604068}.Release|Any CPU.Build.0 = Release|Any CPU
		{4A8181B5-695F-4C4E-B01F-581C8E062212}.Debug|Any CPU.ActiveCfg = Debug|Any CPU
		{4A8181B5-695F-4C4E-B01F-581C8E062212}.Debug|Any CPU.Build.0 = Debug|Any CPU
		{4A8181B5-695F-4C4E-B01F-581C8E062212}.Release|Any CPU.ActiveCfg = Release|Any CPU
		{4A8181B5-695F-4C4E-B01F-581C8E062212}.Release|Any CPU.Build.0 = Release|Any CPU
	EndGlobalSection
	GlobalSection(SolutionProperties) = preSolution
		HideSolutionNode = FALSE
	EndGlobalSection
	GlobalSection(NestedProjects) = preSolution
		{A967F633-385A-4AEF-B628-6E075004C126} = {EBBBC3A5-478C-4F61-BA6F-D497FA93720C}
		{36CF1734-7D8A-4586-B4EE-6A49C369F2E1} = {6E7F0D64-7916-4320-B9D6-81B4FB2526A9}
		{6E7F0D64-7916-4320-B9D6-81B4FB2526A9} = {A967F633-385A-4AEF-B628-6E075004C126}
		{95BF27E7-1BAE-4494-820F-109E0CFC100A} = {A967F633-385A-4AEF-B628-6E075004C126}
		{18A3ED6C-1EF6-4EE5-BEE6-58465B14D6AF} = {EBBBC3A5-478C-4F61-BA6F-D497FA93720C}
		{645E56A2-7CED-443E-B978-F3A33089626D} = {EBBBC3A5-478C-4F61-BA6F-D497FA93720C}
		{A1211260-4070-4279-A5FF-6D9AE3FD462A} = {18A3ED6C-1EF6-4EE5-BEE6-58465B14D6AF}
		{B8512153-D72D-4106-A072-25847C3399C3} = {645E56A2-7CED-443E-B978-F3A33089626D}
		{E88A0423-E2E7-4E26-BEE5-B8596A6D4F10} = {645E56A2-7CED-443E-B978-F3A33089626D}
		{215396CA-6DA1-42DC-ACD8-05A05C8365F1} = {18A3ED6C-1EF6-4EE5-BEE6-58465B14D6AF}
		{0BBB04D0-A103-4AAD-8EB9-1FF94C48283A} = {18A3ED6C-1EF6-4EE5-BEE6-58465B14D6AF}
		{6311355C-978C-40BC-A368-8A46FA15B5A3} = {A967F633-385A-4AEF-B628-6E075004C126}
		{FE26FC3C-5E52-4CE8-ADFF-0A22B27AE8D9} = {EBBBC3A5-478C-4F61-BA6F-D497FA93720C}
		{995A3AB3-EA14-4C3E-A865-417ACD604068} = {FE26FC3C-5E52-4CE8-ADFF-0A22B27AE8D9}
		{4A8181B5-695F-4C4E-B01F-581C8E062212} = {18A3ED6C-1EF6-4EE5-BEE6-58465B14D6AF}
	EndGlobalSection
	GlobalSection(ExtensibilityGlobals) = postSolution
		SolutionGuid = {A282419D-E23B-48BF-A910-87834F3A25C0}
	EndGlobalSection
EndGlobal
